
Microsoft Visual Studio Solution File, Format Version 12.00
# Visual Studio Version 16
VisualStudioVersion = 16.0.30907.101
MinimumVisualStudioVersion = 10.0.40219.1
Project("{FAE04EC0-301F-11D3-BF4B-00C04F79EFBC}") = "ClientChatApp_20190140111_PebriKurniaSandi", "ClientChatApp_20190140111_PebriKurniaSandi\ClientChatApp_20190140111_PebriKurniaSandi.csproj", "{365CA9EF-DBF0-4D16-B681-39D1369D91C0}"
EndProject
Global
	GlobalSection(SolutionConfigurationPlatforms) = preSolution
		Debug|Any CPU = Debug|Any CPU
		Release|Any CPU = Release|Any CPU
	EndGlobalSection
	GlobalSection(ProjectConfigurationPlatforms) = postSolution
		{365CA9EF-DBF0-4D16-B681-39D1369D91C0}.Debug|Any CPU.ActiveCfg = Debug|Any CPU
		{365CA9EF-DBF0-4D16-B681-39D1369D91C0}.Debug|Any CPU.Build.0 = Debug|Any CPU
		{365CA9EF-DBF0-4D16-B681-39D1369D91C0}.Release|Any CPU.ActiveCfg = Release|Any CPU
		{365CA9EF-DBF0-4D16-B681-39D1369D91C0}.Release|Any CPU.Build.0 = Release|Any CPU
	EndGlobalSection
	GlobalSection(SolutionProperties) = preSolution
		HideSolutionNode = FALSE
	EndGlobalSection
	GlobalSection(ExtensibilityGlobals) = postSolution
		SolutionGuid = {EF8ED879-79D3-40C9-BA0D-470FE201ABA6}
	EndGlobalSection
EndGlobal
